
Microsoft Visual Studio Solution File, Format Version 12.00
# Visual Studio Version 16
VisualStudioVersion = 16.0.30907.101
MinimumVisualStudioVersion = 10.0.40219.1
Project("{F184B08F-C81C-45F6-A57F-5ABD9991F28F}") = "WeeklyAssignment5", "WeeklyAssignment5.vbproj", "{68166AB9-590A-431B-9BE2-DE026BA05593}"
EndProject
Global
	GlobalSection(SolutionConfigurationPlatforms) = preSolution
		Debug|Any CPU = Debug|Any CPU
		Release|Any CPU = Release|Any CPU
	EndGlobalSection
	GlobalSection(ProjectConfigurationPlatforms) = postSolution
		{68166AB9-590A-431B-9BE2-DE026BA05593}.Debug|Any CPU.ActiveCfg = Debug|Any CPU
		{68166AB9-590A-431B-9BE2-DE026BA05593}.Debug|Any CPU.Build.0 = Debug|Any CPU
		{68166AB9-590A-431B-9BE2-DE026BA05593}.Release|Any CPU.ActiveCfg = Release|Any CPU
		{68166AB9-590A-431B-9BE2-DE026BA05593}.Release|Any CPU.Build.0 = Release|Any CPU
	EndGlobalSection
	GlobalSection(SolutionProperties) = preSolution
		HideSolutionNode = FALSE
	EndGlobalSection
	GlobalSection(ExtensibilityGlobals) = postSolution
		SolutionGuid = {FAD83A4B-739B-430F-8DF4-757484F68646}
	EndGlobalSection
EndGlobal
